
Microsoft Visual Studio Solution File, Format Version 12.00
# Visual Studio Version 16
VisualStudioVersion = 16.0.30523.141
MinimumVisualStudioVersion = 10.0.40219.1
Project("{FAE04EC0-301F-11D3-BF4B-00C04F79EFBC}") = "BinarySearchII", "BinarySearchII\BinarySearchII.csproj", "{007779E0-0A67-40ED-A009-715913E99EC8}"
EndProject
Global
	GlobalSection(SolutionConfigurationPlatforms) = preSolution
		Debug|Any CPU = Debug|Any CPU
		Release|Any CPU = Release|Any CPU
	EndGlobalSection
	GlobalSection(ProjectConfigurationPlatforms) = postSolution
		{007779E0-0A67-40ED-A009-715913E99EC8}.Debug|Any CPU.ActiveCfg = Debug|Any CPU
		{007779E0-0A67-40ED-A009-715913E99EC8}.Debug|Any CPU.Build.0 = Debug|Any CPU
		{007779E0-0A67-40ED-A009-715913E99EC8}.Release|Any CPU.ActiveCfg = Release|Any CPU
		{007779E0-0A67-40ED-A009-715913E99EC8}.Release|Any CPU.Build.0 = Release|Any CPU
	EndGlobalSection
	GlobalSection(SolutionProperties) = preSolution
		HideSolutionNode = FALSE
	EndGlobalSection
	GlobalSection(ExtensibilityGlobals) = postSolution
		SolutionGuid = {A28355B0-8591-4641-9ABC-F5F4686178D2}
	EndGlobalSection
EndGlobal
